
Microsoft Visual Studio Solution File, Format Version 12.00
# Visual Studio Version 17
VisualStudioVersion = 17.0.31903.59
MinimumVisualStudioVersion = 10.0.40219.1
Project("{2150E333-8FDC-42A3-9474-1A3956D46DE8}") = "src", "src", "{BBE8623A-30D8-464F-8B35-FFFF77C66318}"
EndProject
Project("{FAE04EC0-301F-11D3-BF4B-00C04F79EFBC}") = "Interop", "src\Interop\Interop.csproj", "{6484E75A-26AB-4DDD-A6DD-89A6147A6373}"
EndProject
Project("{FAE04EC0-301F-11D3-BF4B-00C04F79EFBC}") = "WindowEngine", "src\WindowEngine\WindowEngine.csproj", "{A8E1C49D-CC03-4B62-ACEF-A3719599DCCA}"
EndProject
Project("{FAE04EC0-301F-11D3-BF4B-00C04F79EFBC}") = "MonitorManager", "src\MonitorManager\MonitorManager.csproj", "{33D7EB82-F33D-409F-A696-2BC3FE7FB3FE}"
EndProject
Project("{FAE04EC0-301F-11D3-BF4B-00C04F79EFBC}") = "HotkeyManager", "src\HotkeyManager\HotkeyManager.csproj", "{F40548E1-B0C5-427C-86E4-8BFF4428FDC7}"
EndProject
Project("{FAE04EC0-301F-11D3-BF4B-00C04F79EFBC}") = "TrayApp", "src\TrayApp\TrayApp.csproj", "{CE2FA403-891D-45E4-BE87-7B635FCBA3D7}"
EndProject
Project("{FAE04EC0-301F-11D3-BF4B-00C04F79EFBC}") = "Interop.Tests", "src\Interop.Tests\Interop.Tests.csproj", "{7F6BB6B3-657E-4FC7-B057-EA0E492A432E}"
EndProject
Global
	GlobalSection(SolutionConfigurationPlatforms) = preSolution
		Debug|Any CPU = Debug|Any CPU
		Release|Any CPU = Release|Any CPU
	EndGlobalSection
	GlobalSection(SolutionProperties) = preSolution
		HideSolutionNode = FALSE
	EndGlobalSection
	GlobalSection(ProjectConfigurationPlatforms) = postSolution
		{6484E75A-26AB-4DDD-A6DD-89A6147A6373}.Debug|Any CPU.ActiveCfg = Debug|Any CPU
		{6484E75A-26AB-4DDD-A6DD-89A6147A6373}.Debug|Any CPU.Build.0 = Debug|Any CPU
		{6484E75A-26AB-4DDD-A6DD-89A6147A6373}.Release|Any CPU.ActiveCfg = Release|Any CPU
		{6484E75A-26AB-4DDD-A6DD-89A6147A6373}.Release|Any CPU.Build.0 = Release|Any CPU
		{A8E1C49D-CC03-4B62-ACEF-A3719599DCCA}.Debug|Any CPU.ActiveCfg = Debug|Any CPU
		{A8E1C49D-CC03-4B62-ACEF-A3719599DCCA}.Debug|Any CPU.Build.0 = Debug|Any CPU
		{A8E1C49D-CC03-4B62-ACEF-A3719599DCCA}.Release|Any CPU.ActiveCfg = Release|Any CPU
		{A8E1C49D-CC03-4B62-ACEF-A3719599DCCA}.Release|Any CPU.Build.0 = Release|Any CPU
		{33D7EB82-F33D-409F-A696-2BC3FE7FB3FE}.Debug|Any CPU.ActiveCfg = Debug|Any CPU
		{33D7EB82-F33D-409F-A696-2BC3FE7FB3FE}.Debug|Any CPU.Build.0 = Debug|Any CPU
		{33D7EB82-F33D-409F-A696-2BC3FE7FB3FE}.Release|Any CPU.ActiveCfg = Release|Any CPU
		{33D7EB82-F33D-409F-A696-2BC3FE7FB3FE}.Release|Any CPU.Build.0 = Release|Any CPU
		{F40548E1-B0C5-427C-86E4-8BFF4428FDC7}.Debug|Any CPU.ActiveCfg = Debug|Any CPU
		{F40548E1-B0C5-427C-86E4-8BFF4428FDC7}.Debug|Any CPU.Build.0 = Debug|Any CPU
		{F40548E1-B0C5-427C-86E4-8BFF4428FDC7}.Release|Any CPU.ActiveCfg = Release|Any CPU
		{F40548E1-B0C5-427C-86E4-8BFF4428FDC7}.Release|Any CPU.Build.0 = Release|Any CPU
		{CE2FA403-891D-45E4-BE87-7B635FCBA3D7}.Debug|Any CPU.ActiveCfg = Debug|x86
		{CE2FA403-891D-45E4-BE87-7B635FCBA3D7}.Debug|Any CPU.Build.0 = Debug|x86
		{CE2FA403-891D-45E4-BE87-7B635FCBA3D7}.Release|Any CPU.ActiveCfg = Release|x86
		{CE2FA403-891D-45E4-BE87-7B635FCBA3D7}.Release|Any CPU.Build.0 = Release|x86
		{7F6BB6B3-657E-4FC7-B057-EA0E492A432E}.Debug|Any CPU.ActiveCfg = Debug|Any CPU
		{7F6BB6B3-657E-4FC7-B057-EA0E492A432E}.Debug|Any CPU.Build.0 = Debug|Any CPU
		{7F6BB6B3-657E-4FC7-B057-EA0E492A432E}.Release|Any CPU.ActiveCfg = Release|Any CPU
		{7F6BB6B3-657E-4FC7-B057-EA0E492A432E}.Release|Any CPU.Build.0 = Release|Any CPU
	EndGlobalSection
	GlobalSection(NestedProjects) = preSolution
		{6484E75A-26AB-4DDD-A6DD-89A6147A6373} = {BBE8623A-30D8-464F-8B35-FFFF77C66318}
		{A8E1C49D-CC03-4B62-ACEF-A3719599DCCA} = {BBE8623A-30D8-464F-8B35-FFFF77C66318}
		{33D7EB82-F33D-409F-A696-2BC3FE7FB3FE} = {BBE8623A-30D8-464F-8B35-FFFF77C66318}
		{F40548E1-B0C5-427C-86E4-8BFF4428FDC7} = {BBE8623A-30D8-464F-8B35-FFFF77C66318}
		{CE2FA403-891D-45E4-BE87-7B635FCBA3D7} = {BBE8623A-30D8-464F-8B35-FFFF77C66318}
		{7F6BB6B3-657E-4FC7-B057-EA0E492A432E} = {BBE8623A-30D8-464F-8B35-FFFF77C66318}
	EndGlobalSection
EndGlobal
